{
  "version": 4,
  "terraform_version": "1.7.2",
  "serial": 33,
  "lineage": "e1f48eb8-45a6-c286-34f9-0ebe65e59391",
  "outputs": {},
  "resources": [
    {
      "module": "module.image",
      "mode": "managed",
      "type": "docker_image",
      "name": "nodered_image",
      "provider": "module.image.provider[\"registry.terraform.io/kreuzwerker/docker\"]",
      "instances": [
        {
          "schema_version": 0,
          "attributes": {
            "build": [],
            "force_remove": null,
            "id": "sha256:c10817a168e61ed0f4e42a141664ec9178e9abcc8aa582e1d816b1bc342582ebnodered/node-red:latest",
            "keep_locally": null,
            "latest": "sha256:c10817a168e61ed0f4e42a141664ec9178e9abcc8aa582e1d816b1bc342582eb",
            "name": "nodered/node-red:latest",
            "output": null,
            "pull_trigger": null,
            "pull_triggers": null,
            "repo_digest": "nodered/node-red@sha256:a5cc2d5417d48c13a50de322aa4c0b909ff28f826e6f6449c5d8aaefbf01b558"
          },
          "sensitive_attributes": [],
          "private": "bnVsbA=="
        }
      ]
    }
  ],
  "check_results": [
    {
      "object_kind": "var",
      "config_addr": "var.ext_port",
      "status": "unknown",
      "objects": [
        {
          "object_addr": "var.ext_port",
          "status": "unknown"
        }
      ]
    },
    {
      "object_kind": "var",
      "config_addr": "var.int_port",
      "status": "unknown",
      "objects": [
        {
          "object_addr": "var.int_port",
          "status": "unknown"
        }
      ]
    }
  ]
}
